
Microsoft Visual Studio Solution File, Format Version 12.00
# Visual Studio 15
VisualStudioVersion = 15.0.28307.102
MinimumVisualStudioVersion = 10.0.40219.1
Project("{FAE04EC0-301F-11D3-BF4B-00C04F79EFBC}") = "NanoCompiler", "NanoCompiler\NanoCompiler.csproj", "{32B25428-D910-4CEA-8157-419C4D6D40E6}"
EndProject
Global
	GlobalSection(SolutionConfigurationPlatforms) = preSolution
		Debug|Any CPU = Debug|Any CPU
		Release|Any CPU = Release|Any CPU
	EndGlobalSection
	GlobalSection(ProjectConfigurationPlatforms) = postSolution
		{32B25428-D910-4CEA-8157-419C4D6D40E6}.Debug|Any CPU.ActiveCfg = Debug|Any CPU
		{32B25428-D910-4CEA-8157-419C4D6D40E6}.Debug|Any CPU.Build.0 = Debug|Any CPU
		{32B25428-D910-4CEA-8157-419C4D6D40E6}.Release|Any CPU.ActiveCfg = Release|Any CPU
		{32B25428-D910-4CEA-8157-419C4D6D40E6}.Release|Any CPU.Build.0 = Release|Any CPU
	EndGlobalSection
	GlobalSection(SolutionProperties) = preSolution
		HideSolutionNode = FALSE
	EndGlobalSection
	GlobalSection(ExtensibilityGlobals) = postSolution
		SolutionGuid = {7E5E0CB1-E08D-4019-ADB6-6BEFA66361BD}
	EndGlobalSection
EndGlobal
